
Microsoft Visual Studio Solution File, Format Version 12.00
# Visual Studio Version 17
VisualStudioVersion = 17.8.34309.116
MinimumVisualStudioVersion = 10.0.40219.1
Project("{FAE04EC0-301F-11D3-BF4B-00C04F79EFBC}") = "comp367_quiz4", "comp367_quiz4\comp367_quiz4.csproj", "{4540C276-5728-498E-BE99-6B68AF51D99C}"
EndProject
Global
	GlobalSection(SolutionConfigurationPlatforms) = preSolution
		Debug|Any CPU = Debug|Any CPU
		Release|Any CPU = Release|Any CPU
	EndGlobalSection
	GlobalSection(ProjectConfigurationPlatforms) = postSolution
		{4540C276-5728-498E-BE99-6B68AF51D99C}.Debug|Any CPU.ActiveCfg = Debug|Any CPU
		{4540C276-5728-498E-BE99-6B68AF51D99C}.Debug|Any CPU.Build.0 = Debug|Any CPU
		{4540C276-5728-498E-BE99-6B68AF51D99C}.Release|Any CPU.ActiveCfg = Release|Any CPU
		{4540C276-5728-498E-BE99-6B68AF51D99C}.Release|Any CPU.Build.0 = Release|Any CPU
	EndGlobalSection
	GlobalSection(SolutionProperties) = preSolution
		HideSolutionNode = FALSE
	EndGlobalSection
	GlobalSection(ExtensibilityGlobals) = postSolution
		SolutionGuid = {8287E32C-C34C-49A7-BA13-361C7C508BC2}
	EndGlobalSection
EndGlobal
